
Microsoft Visual Studio Solution File, Format Version 12.00
# Visual Studio Version 17
VisualStudioVersion = 17.13.35825.156 d17.13
MinimumVisualStudioVersion = 10.0.40219.1
Project("{FAE04EC0-301F-11D3-BF4B-00C04F79EFBC}") = "Lab1", "Lab1\Lab1.csproj", "{158CDCB9-FE28-4592-BFDB-6668CD48E633}"
EndProject
Global
	GlobalSection(SolutionConfigurationPlatforms) = preSolution
		Debug|Any CPU = Debug|Any CPU
		Release|Any CPU = Release|Any CPU
	EndGlobalSection
	GlobalSection(ProjectConfigurationPlatforms) = postSolution
		{158CDCB9-FE28-4592-BFDB-6668CD48E633}.Debug|Any CPU.ActiveCfg = Debug|Any CPU
		{158CDCB9-FE28-4592-BFDB-6668CD48E633}.Debug|Any CPU.Build.0 = Debug|Any CPU
		{158CDCB9-FE28-4592-BFDB-6668CD48E633}.Release|Any CPU.ActiveCfg = Release|Any CPU
		{158CDCB9-FE28-4592-BFDB-6668CD48E633}.Release|Any CPU.Build.0 = Release|Any CPU
	EndGlobalSection
	GlobalSection(SolutionProperties) = preSolution
		HideSolutionNode = FALSE
	EndGlobalSection
	GlobalSection(ExtensibilityGlobals) = postSolution
		SolutionGuid = {24AF891B-481C-4695-9D6B-568FF8E2E888}
	EndGlobalSection
EndGlobal
